Microsoft Visual Studio Solution File, Format Version 11.00
# Visual Studio 2010
Project("{FAE04EC0-301F-11D3-BF4B-00C04F79EFBC}") = "TidyJson", "TidyJson\TidyJson.csproj", "{F3ACEE61-71C7-4ACB-8A76-7F5225A9FB14}"
EndProject
Project("{FAE04EC0-301F-11D3-BF4B-00C04F79EFBC}") = "JsonImportDemo", "JsonImportDemo\JsonImportDemo.csproj", "{D34A9F1C-3F7C-414E-84F3-9927FD6B8BED}"
EndProject
Project("{FAE04EC0-301F-11D3-BF4B-00C04F79EFBC}") = "JsonOutputDemo", "JsonOutputDemo\JsonOutputDemo.csproj", "{9C6A7068-B6C1-481C-BA54-3A8CDEF5958B}"
EndProject
Project("{FAE04EC0-301F-11D3-BF4B-00C04F79EFBC}") = "YahooJsonNewsReader", "YahooJsonNewsReader\YahooJsonNewsReader.csproj", "{E3BFDE70-F896-4ADA-8150-F03D83E1A706}"
EndProject
Project("{FAE04EC0-301F-11D3-BF4B-00C04F79EFBC}") = "JsonConversionsDemo", "JsonConversionsDemo\JsonConversionsDemo.csproj", "{FD86AB36-F607-46D6-850D-E3A9FD7B7039}"
EndProject
Project("{FAE04EC0-301F-11D3-BF4B-00C04F79EFBC}") = "Jayrock.Json", "..\src\Jayrock.Json\Jayrock.Json.csproj", "{F10A6A7D-B8E4-4F8B-8BD9-5B42ACE5520E}"
EndProject
Project("{FAE04EC0-301F-11D3-BF4B-00C04F79EFBC}") = "Jayrock.Sandbox", "..\src\Jayrock.Sandbox\Jayrock.Sandbox.csproj", "{405B6AFF-52D4-4326-84F8-814FBF89AA12}"
EndProject
Project("{FAE04EC0-301F-11D3-BF4B-00C04F79EFBC}") = "JsonRpcClientDemo", "JsonRpcClientDemo\JsonRpcClientDemo.csproj", "{C8103BCD-D47F-4A21-A60C-82B8CB762818}"
EndProject
Project("{FAE04EC0-301F-11D3-BF4B-00C04F79EFBC}") = "Jayrock", "..\src\Jayrock\Jayrock.csproj", "{A178A4BB-CE12-4BF3-8B17-6DF0D82120C8}"
EndProject
Project("{E24C65DC-7377-472B-9ABA-BC803B73C61A}") = "AspNetDemo", "AspNetDemo\", "{32FF78A9-0829-426E-80B4-861A0EA783E8}"
	ProjectSection(WebsiteProperties) = preProject
		TargetFrameworkMoniker = ".NETFramework,Version%3Dv4.0"
		ProjectReferences = "{A178A4BB-CE12-4BF3-8B17-6DF0D82120C8}|Jayrock.dll;{F10A6A7D-B8E4-4F8B-8BD9-5B42ACE5520E}|Jayrock.Json.dll;"
		Debug.AspNetCompiler.VirtualPath = "/AspNetDemo"
		Debug.AspNetCompiler.PhysicalPath = "AspNetDemo\"
		Debug.AspNetCompiler.TargetPath = "PrecompiledWeb\AspNetDemo\"
		Debug.AspNetCompiler.Updateable = "true"
		Debug.AspNetCompiler.ForceOverwrite = "true"
		Debug.AspNetCompiler.FixedNames = "false"
		Debug.AspNetCompiler.Debug = "True"
		Release.AspNetCompiler.VirtualPath = "/AspNetDemo"
		Release.AspNetCompiler.PhysicalPath = "AspNetDemo\"
		Release.AspNetCompiler.TargetPath = "PrecompiledWeb\AspNetDemo\"
		Release.AspNetCompiler.Updateable = "true"
		Release.AspNetCompiler.ForceOverwrite = "true"
		Release.AspNetCompiler.FixedNames = "false"
		Release.AspNetCompiler.Debug = "False"
		VWDPort = "33764"
	EndProjectSection
EndProject
Global
	GlobalSection(SolutionConfigurationPlatforms) = preSolution
		Debug|Any CPU = Debug|Any CPU
		Release|Any CPU = Release|Any CPU
	EndGlobalSection
	GlobalSection(ProjectConfigurationPlatforms) = postSolution
		{F3ACEE61-71C7-4ACB-8A76-7F5225A9FB14}.Debug|Any CPU.ActiveCfg = Debug|Any CPU
		{F3ACEE61-71C7-4ACB-8A76-7F5225A9FB14}.Debug|Any CPU.Build.0 = Debug|Any CPU
		{F3ACEE61-71C7-4ACB-8A76-7F5225A9FB14}.Release|Any CPU.ActiveCfg = Release|Any CPU
		{F3ACEE61-71C7-4ACB-8A76-7F5225A9FB14}.Release|Any CPU.Build.0 = Release|Any CPU
		{D34A9F1C-3F7C-414E-84F3-9927FD6B8BED}.Debug|Any CPU.ActiveCfg = Debug|Any CPU
		{D34A9F1C-3F7C-414E-84F3-9927FD6B8BED}.Debug|Any CPU.Build.0 = Debug|Any CPU
		{D34A9F1C-3F7C-414E-84F3-9927FD6B8BED}.Release|Any CPU.ActiveCfg = Release|Any CPU
		{D34A9F1C-3F7C-414E-84F3-9927FD6B8BED}.Release|Any CPU.Build.0 = Release|Any CPU
		{9C6A7068-B6C1-481C-BA54-3A8CDEF5958B}.Debug|Any CPU.ActiveCfg = Debug|Any CPU
		{9C6A7068-B6C1-481C-BA54-3A8CDEF5958B}.Debug|Any CPU.Build.0 = Debug|Any CPU
		{9C6A7068-B6C1-481C-BA54-3A8CDEF5958B}.Release|Any CPU.ActiveCfg = Release|Any CPU
		{9C6A7068-B6C1-481C-BA54-3A8CDEF5958B}.Release|Any CPU.Build.0 = Release|Any CPU
		{E3BFDE70-F896-4ADA-8150-F03D83E1A706}.Debug|Any CPU.ActiveCfg = Debug|Any CPU
		{E3BFDE70-F896-4ADA-8150-F03D83E1A706}.Debug|Any CPU.Build.0 = Debug|Any CPU
		{E3BFDE70-F896-4ADA-8150-F03D83E1A706}.Release|Any CPU.ActiveCfg = Release|Any CPU
		{E3BFDE70-F896-4ADA-8150-F03D83E1A706}.Release|Any CPU.Build.0 = Release|Any CPU
		{FD86AB36-F607-46D6-850D-E3A9FD7B7039}.Debug|Any CPU.ActiveCfg = Debug|Any CPU
		{FD86AB36-F607-46D6-850D-E3A9FD7B7039}.Debug|Any CPU.Build.0 = Debug|Any CPU
		{FD86AB36-F607-46D6-850D-E3A9FD7B7039}.Release|Any CPU.ActiveCfg = Release|Any CPU
		{FD86AB36-F607-46D6-850D-E3A9FD7B7039}.Release|Any CPU.Build.0 = Release|Any CPU
		{F10A6A7D-B8E4-4F8B-8BD9-5B42ACE5520E}.Debug|Any CPU.ActiveCfg = Debug|Any CPU
		{F10A6A7D-B8E4-4F8B-8BD9-5B42ACE5520E}.Debug|Any CPU.Build.0 = Debug|Any CPU
		{F10A6A7D-B8E4-4F8B-8BD9-5B42ACE5520E}.Release|Any CPU.ActiveCfg = Release|Any CPU
		{F10A6A7D-B8E4-4F8B-8BD9-5B42ACE5520E}.Release|Any CPU.Build.0 = Release|Any CPU
		{405B6AFF-52D4-4326-84F8-814FBF89AA12}.Debug|Any CPU.ActiveCfg = Debug|Any CPU
		{405B6AFF-52D4-4326-84F8-814FBF89AA12}.Debug|Any CPU.Build.0 = Debug|Any CPU
		{405B6AFF-52D4-4326-84F8-814FBF89AA12}.Release|Any CPU.ActiveCfg = Release|Any CPU
		{405B6AFF-52D4-4326-84F8-814FBF89AA12}.Release|Any CPU.Build.0 = Release|Any CPU
		{C8103BCD-D47F-4A21-A60C-82B8CB762818}.Debug|Any CPU.ActiveCfg = Debug|Any CPU
		{C8103BCD-D47F-4A21-A60C-82B8CB762818}.Debug|Any CPU.Build.0 = Debug|Any CPU
		{C8103BCD-D47F-4A21-A60C-82B8CB762818}.Release|Any CPU.ActiveCfg = Release|Any CPU
		{C8103BCD-D47F-4A21-A60C-82B8CB762818}.Release|Any CPU.Build.0 = Release|Any CPU
		{A178A4BB-CE12-4BF3-8B17-6DF0D82120C8}.Debug|Any CPU.ActiveCfg = Debug|Any CPU
		{A178A4BB-CE12-4BF3-8B17-6DF0D82120C8}.Debug|Any CPU.Build.0 = Debug|Any CPU
		{A178A4BB-CE12-4BF3-8B17-6DF0D82120C8}.Release|Any CPU.ActiveCfg = Release|Any CPU
		{A178A4BB-CE12-4BF3-8B17-6DF0D82120C8}.Release|Any CPU.Build.0 = Release|Any CPU
		{32FF78A9-0829-426E-80B4-861A0EA783E8}.Debug|Any CPU.ActiveCfg = Debug|Any CPU
		{32FF78A9-0829-426E-80B4-861A0EA783E8}.Debug|Any CPU.Build.0 = Debug|Any CPU
		{32FF78A9-0829-426E-80B4-861A0EA783E8}.Release|Any CPU.ActiveCfg = Debug|Any CPU
		{32FF78A9-0829-426E-80B4-861A0EA783E8}.Release|Any CPU.Build.0 = Debug|Any CPU
	EndGlobalSection
	GlobalSection(SolutionProperties) = preSolution
		HideSolutionNode = FALSE
	EndGlobalSection
EndGlobal
